// !$*UTF8*$!
{
	archiveVersion = 1;
	classes = {
	};
	objectVersion = 56;
	objects = {

/* Begin PBXBuildFile section */
		388E508C2B54246000D33EDE /* RickAndMortyApp.swift in Sources */ = {isa = PBXBuildFile; fileRef = 388E508B2B54246000D33EDE /* RickAndMortyApp.swift */; };
		388E508E2B54246000D33EDE /* ContentView.swift in Sources */ = {isa = PBXBuildFile; fileRef = 388E508D2B54246000D33EDE /* ContentView.swift */; };
		388E50902B54246200D33EDE /* Assets.xcassets in Resources */ = {isa = PBXBuildFile; fileRef = 388E508F2B54246200D33EDE /* Assets.xcassets */; };
		388E50932B54246200D33EDE /* Preview Assets.xcassets in Resources */ = {isa = PBXBuildFile; fileRef = 388E50922B54246200D33EDE /* Preview Assets.xcassets */; };
		388E509D2B54246300D33EDE /* RickAndMortyTests.swift in Sources */ = {isa = PBXBuildFile; fileRef = 388E509C2B54246300D33EDE /* RickAndMortyTests.swift */; };
		388E50BA2B54263100D33EDE /* APIService.swift in Sources */ = {isa = PBXBuildFile; fileRef = 388E50B92B54263100D33EDE /* APIService.swift */; };
		388E50BC2B54264300D33EDE /* Character.swift in Sources */ = {isa = PBXBuildFile; fileRef = 388E50BB2B54264300D33EDE /* Character.swift */; };
		388E50BE2B54266500D33EDE /* CharacterViewModel.swift in Sources */ = {isa = PBXBuildFile; fileRef = 388E50BD2B54266500D33EDE /* CharacterViewModel.swift */; };
		388E50C02B54271500D33EDE /* TabView.swift in Sources */ = {isa = PBXBuildFile; fileRef = 388E50BF2B54271500D33EDE /* TabView.swift */; };
		388E50C32B542CEA00D33EDE /* CharacterListView.swift in Sources */ = {isa = PBXBuildFile; fileRef = 388E50C22B542CEA00D33EDE /* CharacterListView.swift */; };
		388E50C52B542DB400D33EDE /* CharacterDetailView.swift in Sources */ = {isa = PBXBuildFile; fileRef = 388E50C42B542DB400D33EDE /* CharacterDetailView.swift */; };
		388E50C72B5433D000D33EDE /* MockAPIService.swift in Sources */ = {isa = PBXBuildFile; fileRef = 388E50C62B5433D000D33EDE /* MockAPIService.swift */; };
		388E50C92B5459CA00D33EDE /* MockAPIService.swift in Sources */ = {isa = PBXBuildFile; fileRef = 388E50C82B5459CA00D33EDE /* MockAPIService.swift */; };
/* End PBXBuildFile section */

/* Begin PBXContainerItemProxy section */
		388E50992B54246300D33EDE /* PBXContainerItemProxy */ = {
			isa = PBXContainerItemProxy;
			containerPortal = 388E50802B54246000D33EDE /* Project object */;
			proxyType = 1;
			remoteGlobalIDString = 388E50872B54246000D33EDE;
			remoteInfo = RickAndMorty;
		};
/* End PBXContainerItemProxy section */

/* Begin PBXFileReference section */
		388E50882B54246000D33EDE /* RickAndMorty.app */ = {isa = PBXFileReference; explicitFileType = wrapper.application; includeInIndex = 0; path = RickAndMorty.app; sourceTree = BUILT_PRODUCTS_DIR; };
		388E508B2B54246000D33EDE /* RickAndMortyApp.swift */ = {isa = PBXFileReference; lastKnownFileType = sourcecode.swift; path = RickAndMortyApp.swift; sourceTree = "<group>"; };
		388E508D2B54246000D33EDE /* ContentView.swift */ = {isa = PBXFileReference; lastKnownFileType = sourcecode.swift; path = ContentView.swift; sourceTree = "<group>"; };
		388E508F2B54246200D33EDE /* Assets.xcassets */ = {isa = PBXFileReference; lastKnownFileType = folder.assetcatalog; path = Assets.xcassets; sourceTree = "<group>"; };
		388E50922B54246200D33EDE /* Preview Assets.xcassets */ = {isa = PBXFileReference; lastKnownFileType = folder.assetcatalog; path = "Preview Assets.xcassets"; sourceTree = "<group>"; };
		388E50982B54246300D33EDE /* RickAndMortyTests.xctest */ = {isa = PBXFileReference; explicitFileType = wrapper.cfbundle; includeInIndex = 0; path = RickAndMortyTests.xctest; sourceTree = BUILT_PRODUCTS_DIR; };
		388E509C2B54246300D33EDE /* RickAndMortyTests.swift */ = {isa = PBXFileReference; lastKnownFileType = sourcecode.swift; path = RickAndMortyTests.swift; sourceTree = "<group>"; };
		388E50B92B54263100D33EDE /* APIService.swift */ = {isa = PBXFileReference; lastKnownFileType = sourcecode.swift; path = APIService.swift; sourceTree = "<group>"; };
		388E50BB2B54264300D33EDE /* Character.swift */ = {isa = PBXFileReference; lastKnownFileType = sourcecode.swift; path = Character.swift; sourceTree = "<group>"; };
		388E50BD2B54266500D33EDE /* CharacterViewModel.swift */ = {isa = PBXFileReference; lastKnownFileType = sourcecode.swift; path = CharacterViewModel.swift; sourceTree = "<group>"; };
		388E50BF2B54271500D33EDE /* TabView.swift */ = {isa = PBXFileReference; lastKnownFileType = sourcecode.swift; path = TabView.swift; sourceTree = "<group>"; };
		388E50C22B542CEA00D33EDE /* CharacterListView.swift */ = {isa = PBXFileReference; lastKnownFileType = sourcecode.swift; path = CharacterListView.swift; sourceTree = "<group>"; };
		388E50C42B542DB400D33EDE /* CharacterDetailView.swift */ = {isa = PBXFileReference; lastKnownFileType = sourcecode.swift; path = CharacterDetailView.swift; sourceTree = "<group>"; };
		388E50C62B5433D000D33EDE /* MockAPIService.swift */ = {isa = PBXFileReference; lastKnownFileType = sourcecode.swift; path = MockAPIService.swift; sourceTree = "<group>"; };
		388E50C82B5459CA00D33EDE /* MockAPIService.swift */ = {isa = PBXFileReference; lastKnownFileType = sourcecode.swift; path = MockAPIService.swift; sourceTree = "<group>"; };
/* End PBXFileReference section */

/* Begin PBXFrameworksBuildPhase section */
		388E50852B54246000D33EDE /* Frameworks */ = {
			isa = PBXFrameworksBuildPhase;
			buildActionMask = 2147483647;
			files = (
			);
			runOnlyForDeploymentPostprocessing = 0;
		};
		388E50952B54246300D33EDE /* Frameworks */ = {
			isa = PBXFrameworksBuildPhase;
			buildActionMask = 2147483647;
			files = (
			);
			runOnlyForDeploymentPostprocessing = 0;
		};
/* End PBXFrameworksBuildPhase section */

/* Begin PBXGroup section */
		388E507F2B54246000D33EDE = {
			isa = PBXGroup;
			children = (
				388E508A2B54246000D33EDE /* RickAndMorty */,
				388E509B2B54246300D33EDE /* RickAndMortyTests */,
				388E50892B54246000D33EDE /* Products */,
			);
			sourceTree = "<group>";
		};
		388E50892B54246000D33EDE /* Products */ = {
			isa = PBXGroup;
			children = (
				388E50882B54246000D33EDE /* RickAndMorty.app */,
				388E50982B54246300D33EDE /* RickAndMortyTests.xctest */,
			);
			name = Products;
			sourceTree = "<group>";
		};
		388E508A2B54246000D33EDE /* RickAndMorty */ = {
			isa = PBXGroup;
			children = (
				388E50B72B5424CD00D33EDE /* PresentationLayer */,
				388E50B62B5424BF00D33EDE /* BusinessLayer */,
				388E50B52B5424AB00D33EDE /* NetworkLayer */,
				388E508B2B54246000D33EDE /* RickAndMortyApp.swift */,
				388E508F2B54246200D33EDE /* Assets.xcassets */,
				388E50912B54246200D33EDE /* Preview Content */,
			);
			path = RickAndMorty;
			sourceTree = "<group>";
		};
		388E50912B54246200D33EDE /* Preview Content */ = {
			isa = PBXGroup;
			children = (
				388E50922B54246200D33EDE /* Preview Assets.xcassets */,
			);
			path = "Preview Content";
			sourceTree = "<group>";
		};
		388E509B2B54246300D33EDE /* RickAndMortyTests */ = {
			isa = PBXGroup;
			children = (
				388E509C2B54246300D33EDE /* RickAndMortyTests.swift */,
				388E50C62B5433D000D33EDE /* MockAPIService.swift */,
			);
			path = RickAndMortyTests;
			sourceTree = "<group>";
		};
		388E50B52B5424AB00D33EDE /* NetworkLayer */ = {
			isa = PBXGroup;
			children = (
				388E50C12B542B2C00D33EDE /* Models */,
				388E50B92B54263100D33EDE /* APIService.swift */,
				388E50C82B5459CA00D33EDE /* MockAPIService.swift */,
			);
			path = NetworkLayer;
			sourceTree = "<group>";
		};
		388E50B62B5424BF00D33EDE /* BusinessLayer */ = {
			isa = PBXGroup;
			children = (
				388E50BD2B54266500D33EDE /* CharacterViewModel.swift */,
			);
			path = BusinessLayer;
			sourceTree = "<group>";
		};
		388E50B72B5424CD00D33EDE /* PresentationLayer */ = {
			isa = PBXGroup;
			children = (
				388E508D2B54246000D33EDE /* ContentView.swift */,
				388E50B82B5424EF00D33EDE /* Views */,
			);
			path = PresentationLayer;
			sourceTree = "<group>";
		};
		388E50B82B5424EF00D33EDE /* Views */ = {
			isa = PBXGroup;
			children = (
				388E50BF2B54271500D33EDE /* TabView.swift */,
				388E50C22B542CEA00D33EDE /* CharacterListView.swift */,
				388E50C42B542DB400D33EDE /* CharacterDetailView.swift */,
			);
			path = Views;
			sourceTree = "<group>";
		};
		388E50C12B542B2C00D33EDE /* Models */ = {
			isa = PBXGroup;
			children = (
				388E50BB2B54264300D33EDE /* Character.swift */,
			);
			path = Models;
			sourceTree = "<group>";
		};
/* End PBXGroup section */

/* Begin PBXNativeTarget section */
		388E50872B54246000D33EDE /* RickAndMorty */ = {
			isa = PBXNativeTarget;
			buildConfigurationList = 388E50AC2B54246300D33EDE /* Build configuration list for PBXNativeTarget "RickAndMorty" */;
			buildPhases = (
				388E50842B54246000D33EDE /* Sources */,
				388E50852B54246000D33EDE /* Frameworks */,
				388E50862B54246000D33EDE /* Resources */,
			);
			buildRules = (
			);
			dependencies = (
			);
			name = RickAndMorty;
			productName = RickAndMorty;
			productReference = 388E50882B54246000D33EDE /* RickAndMorty.app */;
			productType = "com.apple.product-type.application";
		};
		388E50972B54246300D33EDE /* RickAndMortyTests */ = {
			isa = PBXNativeTarget;
			buildConfigurationList = 388E50AF2B54246300D33EDE /* Build configuration list for PBXNativeTarget "RickAndMortyTests" */;
			buildPhases = (
				388E50942B54246300D33EDE /* Sources */,
				388E50952B54246300D33EDE /* Frameworks */,
				388E50962B54246300D33EDE /* Resources */,
			);
			buildRules = (
			);
			dependencies = (
				388E509A2B54246300D33EDE /* PBXTargetDependency */,
			);
			name = RickAndMortyTests;
			productName = RickAndMortyTests;
			productReference = 388E50982B54246300D33EDE /* RickAndMortyTests.xctest */;
			productType = "com.apple.product-type.bundle.unit-test";
		};
/* End PBXNativeTarget section */

/* Begin PBXProject section */
		388E50802B54246000D33EDE /* Project object */ = {
			isa = PBXProject;
			attributes = {
				BuildIndependentTargetsInParallel = 1;
				LastSwiftUpdateCheck = 1520;
				LastUpgradeCheck = 1520;
				TargetAttributes = {
					388E50872B54246000D33EDE = {
						CreatedOnToolsVersion = 15.2;
					};
					388E50972B54246300D33EDE = {
						CreatedOnToolsVersion = 15.2;
						TestTargetID = 388E50872B54246000D33EDE;
					};
				};
			};
			buildConfigurationList = 388E50832B54246000D33EDE /* Build configuration list for PBXProject "RickAndMorty" */;
			compatibilityVersion = "Xcode 14.0";
			developmentRegion = en;
			hasScannedForEncodings = 0;
			knownRegions = (
				en,
				Base,
			);
			mainGroup = 388E507F2B54246000D33EDE;
			productRefGroup = 388E50892B54246000D33EDE /* Products */;
			projectDirPath = "";
			projectRoot = "";
			targets = (
				388E50872B54246000D33EDE /* RickAndMorty */,
				388E50972B54246300D33EDE /* RickAndMortyTests */,
			);
		};
/* End PBXProject section */

/* Begin PBXResourcesBuildPhase section */
		388E50862B54246000D33EDE /* Resources */ = {
			isa = PBXResourcesBuildPhase;
			buildActionMask = 2147483647;
			files = (
				388E50932B54246200D33EDE /* Preview Assets.xcassets in Resources */,
				388E50902B54246200D33EDE /* Assets.xcassets in Resources */,
			);
			runOnlyForDeploymentPostprocessing = 0;
		};
		388E50962B54246300D33EDE /* Resources */ = {
			isa = PBXResourcesBuildPhase;
			buildActionMask = 2147483647;
			files = (
			);
			runOnlyForDeploymentPostprocessing = 0;
		};
/* End PBXResourcesBuildPhase section */

/* Begin PBXSourcesBuildPhase section */
		388E50842B54246000D33EDE /* Sources */ = {
			isa = PBXSourcesBuildPhase;
			buildActionMask = 2147483647;
			files = (
				388E508E2B54246000D33EDE /* ContentView.swift in Sources */,
				388E50BE2B54266500D33EDE /* CharacterViewModel.swift in Sources */,
				388E50C32B542CEA00D33EDE /* CharacterListView.swift in Sources */,
				388E50BA2B54263100D33EDE /* APIService.swift in Sources */,
				388E508C2B54246000D33EDE /* RickAndMortyApp.swift in Sources */,
				388E50C02B54271500D33EDE /* TabView.swift in Sources */,
				388E50C92B5459CA00D33EDE /* MockAPIService.swift in Sources */,
				388E50BC2B54264300D33EDE /* Character.swift in Sources */,
				388E50C52B542DB400D33EDE /* CharacterDetailView.swift in Sources */,
			);
			runOnlyForDeploymentPostprocessing = 0;
		};
		388E50942B54246300D33EDE /* Sources */ = {
			isa = PBXSourcesBuildPhase;
			buildActionMask = 2147483647;
			files = (
				388E50C72B5433D000D33EDE /* MockAPIService.swift in Sources */,
				388E509D2B54246300D33EDE /* RickAndMortyTests.swift in Sources */,
			);
			runOnlyForDeploymentPostprocessing = 0;
		};
/* End PBXSourcesBuildPhase section */

/* Begin PBXTargetDependency section */
		388E509A2B54246300D33EDE /* PBXTargetDependency */ = {
			isa = PBXTargetDependency;
			target = 388E50872B54246000D33EDE /* RickAndMorty */;
			targetProxy = 388E50992B54246300D33EDE /* PBXContainerItemProxy */;
		};
/* End PBXTargetDependency section */

/* Begin XCBuildConfiguration section */
		388E50AA2B54246300D33EDE /* Debug */ = {
			isa = XCBuildConfiguration;
			buildSettings = {
				ALWAYS_SEARCH_USER_PATHS = NO;
				ASSETCATALOG_COMPILER_GENERATE_SWIFT_ASSET_SYMBOL_EXTENSIONS = YES;
				CLANG_ANALYZER_NONNULL = YES;
				CLANG_ANALYZER_NUMBER_OBJECT_CONVERSION = YES_AGGRESSIVE;
				CLANG_CXX_LANGUAGE_STANDARD = "gnu++20";
				CLANG_ENABLE_MODULES = YES;
				CLANG_ENABLE_OBJC_ARC = YES;
				CLANG_ENABLE_OBJC_WEAK = YES;
				CLANG_WARN_BLOCK_CAPTURE_AUTORELEASING = YES;
				CLANG_WARN_BOOL_CONVERSION = YES;
				CLANG_WARN_COMMA = YES;
				CLANG_WARN_CONSTANT_CONVERSION = YES;
				CLANG_WARN_DEPRECATED_OBJC_IMPLEMENTATIONS = YES;
				CLANG_WARN_DIRECT_OBJC_ISA_USAGE = YES_ERROR;
				CLANG_WARN_DOCUMENTATION_COMMENTS = YES;
				CLANG_WARN_EMPTY_BODY = YES;
				CLANG_WARN_ENUM_CONVERSION = YES;
				CLANG_WARN_INFINITE_RECURSION = YES;
				CLANG_WARN_INT_CONVERSION = YES;
				CLANG_WARN_NON_LITERAL_NULL_CONVERSION = YES;
				CLANG_WARN_OBJC_IMPLICIT_RETAIN_SELF = YES;
				CLANG_WARN_OBJC_LITERAL_CONVERSION = YES;
				CLANG_WARN_OBJC_ROOT_CLASS = YES_ERROR;
				CLANG_WARN_QUOTED_INCLUDE_IN_FRAMEWORK_HEADER = YES;
				CLANG_WARN_RANGE_LOOP_ANALYSIS = YES;
				CLANG_WARN_STRICT_PROTOTYPES = YES;
				CLANG_WARN_SUSPICIOUS_MOVE = YES;
				CLANG_WARN_UNGUARDED_AVAILABILITY = YES_AGGRESSIVE;
				CLANG_WARN_UNREACHABLE_CODE = YES;
				CLANG_WARN__DUPLICATE_METHOD_MATCH = YES;
				COPY_PHASE_STRIP = NO;
				DEBUG_INFORMATION_FORMAT = dwarf;
				ENABLE_STRICT_OBJC_MSGSEND = YES;
				ENABLE_TESTABILITY = YES;
				ENABLE_USER_SCRIPT_SANDBOXING = YES;
				GCC_C_LANGUAGE_STANDARD = gnu17;
				GCC_DYNAMIC_NO_PIC = NO;
				GCC_NO_COMMON_BLOCKS = YES;
				GCC_OPTIMIZATION_LEVEL = 0;
				GCC_PREPROCESSOR_DEFINITIONS = (
					"DEBUG=1",
					"$(inherited)",
				);
				GCC_WARN_64_TO_32_BIT_CONVERSION = YES;
				GCC_WARN_ABOUT_RETURN_TYPE = YES_ERROR;
				GCC_WARN_UNDECLARED_SELECTOR = YES;
				GCC_WARN_UNINITIALIZED_AUTOS = YES_AGGRESSIVE;
				GCC_WARN_UNUSED_FUNCTION = YES;
				GCC_WARN_UNUSED_VARIABLE = YES;
				IPHONEOS_DEPLOYMENT_TARGET = 17.2;
				LOCALIZATION_PREFERS_STRING_CATALOGS = YES;
				MTL_ENABLE_DEBUG_INFO = INCLUDE_SOURCE;
				MTL_FAST_MATH = YES;
				ONLY_ACTIVE_ARCH = YES;
				SDKROOT = iphoneos;
				SWIFT_ACTIVE_COMPILATION_CONDITIONS = "DEBUG $(inherited)";
				SWIFT_OPTIMIZATION_LEVEL = "-Onone";
			};
			name = Debug;
		};
		388E50AB2B54246300D33EDE /* Release */ = {
			isa = XCBuildConfiguration;
			buildSettings = {
				ALWAYS_SEARCH_USER_PATHS = NO;
				ASSETCATALOG_COMPILER_GENERATE_SWIFT_ASSET_SYMBOL_EXTENSIONS = YES;
				CLANG_ANALYZER_NONNULL = YES;
				CLANG_ANALYZER_NUMBER_OBJECT_CONVERSION = YES_AGGRESSIVE;
				CLANG_CXX_LANGUAGE_STANDARD = "gnu++20";
				CLANG_ENABLE_MODULES = YES;
				CLANG_ENABLE_OBJC_ARC = YES;
				CLANG_ENABLE_OBJC_WEAK = YES;
				CLANG_WARN_BLOCK_CAPTURE_AUTORELEASING = YES;
				CLANG_WARN_BOOL_CONVERSION = YES;
				CLANG_WARN_COMMA = YES;
				CLANG_WARN_CONSTANT_CONVERSION = YES;
				CLANG_WARN_DEPRECATED_OBJC_IMPLEMENTATIONS = YES;
				CLANG_WARN_DIRECT_OBJC_ISA_USAGE = YES_ERROR;
				CLANG_WARN_DOCUMENTATION_COMMENTS = YES;
				CLANG_WARN_EMPTY_BODY = YES;
				CLANG_WARN_ENUM_CONVERSION = YES;
				CLANG_WARN_INFINITE_RECURSION = YES;
				CLANG_WARN_INT_CONVERSION = YES;
				CLANG_WARN_NON_LITERAL_NULL_CONVERSION = YES;
				CLANG_WARN_OBJC_IMPLICIT_RETAIN_SELF = YES;
				CLANG_WARN_OBJC_LITERAL_CONVERSION = YES;
				CLANG_WARN_OBJC_ROOT_CLASS = YES_ERROR;
				CLANG_WARN_QUOTED_INCLUDE_IN_FRAMEWORK_HEADER = YES;
				CLANG_WARN_RANGE_LOOP_ANALYSIS = YES;
				CLANG_WARN_STRICT_PROTOTYPES = YES;
				CLANG_WARN_SUSPICIOUS_MOVE = YES;
				CLANG_WARN_UNGUARDED_AVAILABILITY = YES_AGGRESSIVE;
				CLANG_WARN_UNREACHABLE_CODE = YES;
				CLANG_WARN__DUPLICATE_METHOD_MATCH = YES;
				COPY_PHASE_STRIP = NO;
				DEBUG_INFORMATION_FORMAT = "dwarf-with-dsym";
				ENABLE_NS_ASSERTIONS = NO;
				ENABLE_STRICT_OBJC_MSGSEND = YES;
				ENABLE_USER_SCRIPT_SANDBOXING = YES;
				GCC_C_LANGUAGE_STANDARD = gnu17;
				GCC_NO_COMMON_BLOCKS = YES;
				GCC_WARN_64_TO_32_BIT_CONVERSION = YES;
				GCC_WARN_ABOUT_RETURN_TYPE = YES_ERROR;
				GCC_WARN_UNDECLARED_SELECTOR = YES;
				GCC_WARN_UNINITIALIZED_AUTOS = YES_AGGRESSIVE;
				GCC_WARN_UNUSED_FUNCTION = YES;
				GCC_WARN_UNUSED_VARIABLE = YES;
				IPHONEOS_DEPLOYMENT_TARGET = 17.2;
				LOCALIZATION_PREFERS_STRING_CATALOGS = YES;
				MTL_ENABLE_DEBUG_INFO = NO;
				MTL_FAST_MATH = YES;
				SDKROOT = iphoneos;
				SWIFT_COMPILATION_MODE = wholemodule;
				VALIDATE_PRODUCT = YES;
			};
			name = Release;
		};
		388E50AD2B54246300D33EDE /* Debug */ = {
			isa = XCBuildConfiguration;
			buildSettings = {
				ASSETCATALOG_COMPILER_APPICON_NAME = AppIcon;
				ASSETCATALOG_COMPILER_GLOBAL_ACCENT_COLOR_NAME = AccentColor;
				CODE_SIGN_STYLE = Automatic;
				CURRENT_PROJECT_VERSION = 1;
				DEVELOPMENT_ASSET_PATHS = "\"RickAndMorty/Preview Content\"";
				ENABLE_PREVIEWS = YES;
				GENERATE_INFOPLIST_FILE = YES;
				INFOPLIST_KEY_UIApplicationSceneManifest_Generation = YES;
				INFOPLIST_KEY_UIApplicationSupportsIndirectInputEvents = YES;
				INFOPLIST_KEY_UILaunchScreen_Generation = YES;
				INFOPLIST_KEY_UISupportedInterfaceOrientations_iPad = "UIInterfaceOrientationPortrait UIInterfaceOrientationPortraitUpsideDown UIInterfaceOrientationLandscapeLeft UIInterfaceOrientationLandscapeRight";
				INFOPLIST_KEY_UISupportedInterfaceOrientations_iPhone = "UIInterfaceOrientationPortrait UIInterfaceOrientationLandscapeLeft UIInterfaceOrientationLandscapeRight";
				LD_RUNPATH_SEARCH_PATHS = (
					"$(inherited)",
					"@executable_path/Frameworks",
				);
				MARKETING_VERSION = 1.0;
				PRODUCT_BUNDLE_IDENTIFIER = za.co.dvt.RickAndMorty;
				PRODUCT_NAME = "$(TARGET_NAME)";
				SWIFT_EMIT_LOC_STRINGS = YES;
				SWIFT_VERSION = 5.0;
				TARGETED_DEVICE_FAMILY = "1,2";
			};
			name = Debug;
		};
		388E50AE2B54246300D33EDE /* Release */ = {
			isa = XCBuildConfiguration;
			buildSettings = {
				ASSETCATALOG_COMPILER_APPICON_NAME = AppIcon;
				ASSETCATALOG_COMPILER_GLOBAL_ACCENT_COLOR_NAME = AccentColor;
				CODE_SIGN_STYLE = Automatic;
				CURRENT_PROJECT_VERSION = 1;
				DEVELOPMENT_ASSET_PATHS = "\"RickAndMorty/Preview Content\"";
				ENABLE_PREVIEWS = YES;
				GENERATE_INFOPLIST_FILE = YES;
				INFOPLIST_KEY_UIApplicationSceneManifest_Generation = YES;
				INFOPLIST_KEY_UIApplicationSupportsIndirectInputEvents = YES;
				INFOPLIST_KEY_UILaunchScreen_Generation = YES;
				INFOPLIST_KEY_UISupportedInterfaceOrientations_iPad = "UIInterfaceOrientationPortrait UIInterfaceOrientationPortraitUpsideDown UIInterfaceOrientationLandscapeLeft UIInterfaceOrientationLandscapeRight";
				INFOPLIST_KEY_UISupportedInterfaceOrientations_iPhone = "UIInterfaceOrientationPortrait UIInterfaceOrientationLandscapeLeft UIInterfaceOrientationLandscapeRight";
				LD_RUNPATH_SEARCH_PATHS = (
					"$(inherited)",
					"@executable_path/Frameworks",
				);
				MARKETING_VERSION = 1.0;
				PRODUCT_BUNDLE_IDENTIFIER = za.co.dvt.RickAndMorty;
				PRODUCT_NAME = "$(TARGET_NAME)";
				SWIFT_EMIT_LOC_STRINGS = YES;
				SWIFT_VERSION = 5.0;
				TARGETED_DEVICE_FAMILY = "1,2";
			};
			name = Release;
		};
		388E50B02B54246300D33EDE /* Debug */ = {
			isa = XCBuildConfiguration;
			buildSettings = {
				ALWAYS_EMBED_SWIFT_STANDARD_LIBRARIES = YES;
				BUNDLE_LOADER = "$(TEST_HOST)";
				CODE_SIGN_STYLE = Automatic;
				CURRENT_PROJECT_VERSION = 1;
				GENERATE_INFOPLIST_FILE = YES;
				IPHONEOS_DEPLOYMENT_TARGET = 17.2;
				MARKETING_VERSION = 1.0;
				PRODUCT_BUNDLE_IDENTIFIER = za.co.dvt.RickAndMortyTests;
				PRODUCT_NAME = "$(TARGET_NAME)";
				SWIFT_EMIT_LOC_STRINGS = NO;
				SWIFT_VERSION = 5.0;
				TARGETED_DEVICE_FAMILY = "1,2";
				TEST_HOST = "$(BUILT_PRODUCTS_DIR)/RickAndMorty.app/$(BUNDLE_EXECUTABLE_FOLDER_PATH)/RickAndMorty";
			};
			name = Debug;
		};
		388E50B12B54246300D33EDE /* Release */ = {
			isa = XCBuildConfiguration;
			buildSettings = {
				ALWAYS_EMBED_SWIFT_STANDARD_LIBRARIES = YES;
				BUNDLE_LOADER = "$(TEST_HOST)";
				CODE_SIGN_STYLE = Automatic;
				CURRENT_PROJECT_VERSION = 1;
				GENERATE_INFOPLIST_FILE = YES;
				IPHONEOS_DEPLOYMENT_TARGET = 17.2;
				MARKETING_VERSION = 1.0;
				PRODUCT_BUNDLE_IDENTIFIER = za.co.dvt.RickAndMortyTests;
				PRODUCT_NAME = "$(TARGET_NAME)";
				SWIFT_EMIT_LOC_STRINGS = NO;
				SWIFT_VERSION = 5.0;
				TARGETED_DEVICE_FAMILY = "1,2";
				TEST_HOST = "$(BUILT_PRODUCTS_DIR)/RickAndMorty.app/$(BUNDLE_EXECUTABLE_FOLDER_PATH)/RickAndMorty";
			};
			name = Release;
		};
/* End XCBuildConfiguration section */

/* Begin XCConfigurationList section */
		388E50832B54246000D33EDE /* Build configuration list for PBXProject "RickAndMorty" */ = {
			isa = XCConfigurationList;
			buildConfigurations = (
				388E50AA2B54246300D33EDE /* Debug */,
				388E50AB2B54246300D33EDE /* Release */,
			);
			defaultConfigurationIsVisible = 0;
			defaultConfigurationName = Release;
		};
		388E50AC2B54246300D33EDE /* Build configuration list for PBXNativeTarget "RickAndMorty" */ = {
			isa = XCConfigurationList;
			buildConfigurations = (
				388E50AD2B54246300D33EDE /* Debug */,
				388E50AE2B54246300D33EDE /* Release */,
			);
			defaultConfigurationIsVisible = 0;
			defaultConfigurationName = Release;
		};
		388E50AF2B54246300D33EDE /* Build configuration list for PBXNativeTarget "RickAndMortyTests" */ = {
			isa = XCConfigurationList;
			buildConfigurations = (
				388E50B02B54246300D33EDE /* Debug */,
				388E50B12B54246300D33EDE /* Release */,
			);
			defaultConfigurationIsVisible = 0;
			defaultConfigurationName = Release;
		};
/* End XCConfigurationList section */
	};
	rootObject = 388E50802B54246000D33EDE /* Project object */;
}
